
Microsoft Visual Studio Solution File, Format Version 12.00
# Visual Studio 2013
VisualStudioVersion = 12.0.40629.0
MinimumVisualStudioVersion = 10.0.40219.1
Project("{FAE04EC0-301F-11D3-BF4B-00C04F79EFBC}") = "Container.Tests", "Container.Tests\Container.Tests.csproj", "{06F80969-4EA4-4005-81F3-FCC6A3C3C6F5}"
EndProject
Project("{FAE04EC0-301F-11D3-BF4B-00C04F79EFBC}") = "ContainerSystem", "ContainerSystem\ContainerSystem.csproj", "{A1DCC163-E6D8-4ECA-B965-67C4B5939EDD}"
EndProject
Project("{FAE04EC0-301F-11D3-BF4B-00C04F79EFBC}") = "ContainerApplication", "ContainerApplication\ContainerApplication.csproj", "{B3B26A26-2D3C-4091-A636-6ADCE529EB21}"
EndProject
Global
	GlobalSection(SolutionConfigurationPlatforms) = preSolution
		Debug|Any CPU = Debug|Any CPU
		Release|Any CPU = Release|Any CPU
	EndGlobalSection
	GlobalSection(ProjectConfigurationPlatforms) = postSolution
		{06F80969-4EA4-4005-81F3-FCC6A3C3C6F5}.Debug|Any CPU.ActiveCfg = Debug|Any CPU
		{06F80969-4EA4-4005-81F3-FCC6A3C3C6F5}.Debug|Any CPU.Build.0 = Debug|Any CPU
		{06F80969-4EA4-4005-81F3-FCC6A3C3C6F5}.Release|Any CPU.ActiveCfg = Release|Any CPU
		{06F80969-4EA4-4005-81F3-FCC6A3C3C6F5}.Release|Any CPU.Build.0 = Release|Any CPU
		{A1DCC163-E6D8-4ECA-B965-67C4B5939EDD}.Debug|Any CPU.ActiveCfg = Debug|Any CPU
		{A1DCC163-E6D8-4ECA-B965-67C4B5939EDD}.Debug|Any CPU.Build.0 = Debug|Any CPU
		{A1DCC163-E6D8-4ECA-B965-67C4B5939EDD}.Release|Any CPU.ActiveCfg = Release|Any CPU
		{A1DCC163-E6D8-4ECA-B965-67C4B5939EDD}.Release|Any CPU.Build.0 = Release|Any CPU
		{B3B26A26-2D3C-4091-A636-6ADCE529EB21}.Debug|Any CPU.ActiveCfg = Debug|Any CPU
		{B3B26A26-2D3C-4091-A636-6ADCE529EB21}.Debug|Any CPU.Build.0 = Debug|Any CPU
		{B3B26A26-2D3C-4091-A636-6ADCE529EB21}.Release|Any CPU.ActiveCfg = Release|Any CPU
		{B3B26A26-2D3C-4091-A636-6ADCE529EB21}.Release|Any CPU.Build.0 = Release|Any CPU
	EndGlobalSection
	GlobalSection(SolutionProperties) = preSolution
		HideSolutionNode = FALSE
	EndGlobalSection
EndGlobal
